
Microsoft Visual Studio Solution File, Format Version 11.00
# Visual Studio 2010
Project("{FAE04EC0-301F-11D3-BF4B-00C04F79EFBC}") = "Assembly-CSharp", "Assembly-CSharp.csproj", "{E0B2F97E-CA17-5CDB-8CFC-89261198AB7E}"
EndProject
Project("{FAE04EC0-301F-11D3-BF4B-00C04F79EFBC}") = "Assembly-CSharp-Editor", "Assembly-CSharp-Editor.csproj", "{49C03604-0E17-28CE-576F-C0F328D17938}"
EndProject
Global
	GlobalSection(SolutionConfigurationPlatforms) = preSolution
		Debug|Any CPU = Debug|Any CPU
		Release|Any CPU = Release|Any CPU
	EndGlobalSection
	GlobalSection(ProjectConfigurationPlatforms) = postSolution
		{E0B2F97E-CA17-5CDB-8CFC-89261198AB7E}.Debug|Any CPU.ActiveCfg = Debug|Any CPU
		{E0B2F97E-CA17-5CDB-8CFC-89261198AB7E}.Debug|Any CPU.Build.0 = Debug|Any CPU
		{E0B2F97E-CA17-5CDB-8CFC-89261198AB7E}.Release|Any CPU.ActiveCfg = Release|Any CPU
		{E0B2F97E-CA17-5CDB-8CFC-89261198AB7E}.Release|Any CPU.Build.0 = Release|Any CPU
		{49C03604-0E17-28CE-576F-C0F328D17938}.Debug|Any CPU.ActiveCfg = Debug|Any CPU
		{49C03604-0E17-28CE-576F-C0F328D17938}.Debug|Any CPU.Build.0 = Debug|Any CPU
		{49C03604-0E17-28CE-576F-C0F328D17938}.Release|Any CPU.ActiveCfg = Release|Any CPU
		{49C03604-0E17-28CE-576F-C0F328D17938}.Release|Any CPU.Build.0 = Release|Any CPU
	EndGlobalSection
	GlobalSection(SolutionProperties) = preSolution
		HideSolutionNode = FALSE
	EndGlobalSection
EndGlobal
